{
    "_readme": [
        "This file locks the dependencies of your project to a known state",
        "Read more about it at http://getcomposer.org/doc/01-basic-usage.md#composer-lock-the-lock-file"
    ],
    "hash": "29c9c248bec130d3a7f2eb7c7a6274ee",
    "packages": [
        {
            "name": "rain/raintpl",
            "version": "dev-master",
            "source": {
                "type": "git",
                "url": "https://github.com/rainphp/raintpl3.git",
                "reference": "9e7042fa9f757556889524ade33fc43d0d4c4a86"
            },
            "dist": {
                "type": "zip",
                "url": "https://api.github.com/repos/rainphp/raintpl3/zipball/9e7042fa9f757556889524ade33fc43d0d4c4a86",
                "reference": "9e7042fa9f757556889524ade33fc43d0d4c4a86",
                "shasum": ""
            },
            "require": {
                "php": ">=5.3"
            },
            "type": "library",
            "autoload": {
                "psr-0": {
                    "Rain": "library/"
                }
            },
            "notification-url": "https://packagist.org/downloads/",
            "license": [
                "MIT"
            ],
            "authors": [
                {
                    "name": "Federico Ulfo",
                    "email": "rainelemental@gmail.com",
                    "homepage": "http://github.com/rainphp"
                },
                {
                    "name": "Rain Community"
                }
            ],
            "description": "easy and fast template engine",
            "homepage": "http://raintpl.com",
            "time": "2013-04-20 02:32:46"
        }
    ],
    "packages-dev": [

    ],
    "aliases": [

    ],
    "minimum-stability": "dev",
    "stability-flags": [

    ],
    "platform": {
        "php": ">=5.3"
    },
    "platform-dev": [

    ]
}
